<Solution>
  <Configurations>
    <Platform Name="x64" />
    <Platform Name="x86" />
  </Configurations>
  <Project Path="../LAB00806/LAB00806.vcxproj" Id="b62ebcff-51b2-4f98-972d-c6132eba7f74" />
  <Project Path="../LAB0803/LAB0803.vcxproj" Id="b3083a5f-acc3-4ed7-b07c-7b0c49b56a3c" />
  <Project Path="../LAB0804/LAB0804.vcxproj" Id="b4057b60-3aa4-4bfd-9073-2b2addb6e9dd" />
  <Project Path="../LAB0805/LAB0805.vcxproj" Id="d4fe988d-025c-47bd-9bfb-f3eeecfeccc2" />
  <Project Path="LAB0801/LAB0801.vcxproj" Id="1cfe3439-14d7-412b-9087-f82f9fa4ae5f" />
  <Project Path="LAB0802/LAB0802.vcxproj" Id="10c73c9a-26e8-454e-ac4f-ca6f09548134" />
</Solution>
