
Microsoft Visual Studio Solution File, Format Version 12.00
# Visual Studio Version 17
VisualStudioVersion = 17.14.36202.13 d17.14
MinimumVisualStudioVersion = 10.0.40219.1
Project("{8BC9CEB8-8B4A-11D0-8D11-00A0C91BC942}") = "LAB0701", "LAB0701\LAB0701.vcxproj", "{9B15C795-2397-493D-B094-EFAEFFF1240F}"
EndProject
Project("{8BC9CEB8-8B4A-11D0-8D11-00A0C91BC942}") = "LAB0702", "LAB0702\LAB0702.vcxproj", "{F1EBA0A4-3A8D-457D-A9EC-A082ED54A321}"
EndProject
Project("{8BC9CEB8-8B4A-11D0-8D11-00A0C91BC942}") = "LAB0703", "LAB0703\LAB0703.vcxproj", "{A78C79D8-88F3-4868-BAFE-805B0D56EDAA}"
EndProject
Project("{8BC9CEB8-8B4A-11D0-8D11-00A0C91BC942}") = "LAB0704", "LAB0704\LAB0704.vcxproj", "{09E5373F-0814-4270-8609-A427F9F5F07F}"
EndProject
Project("{8BC9CEB8-8B4A-11D0-8D11-00A0C91BC942}") = "LAB0705", "LAB0705\LAB0705.vcxproj", "{9B993961-740B-4F71-A23C-7A5A287BC59D}"
EndProject
Project("{8BC9CEB8-8B4A-11D0-8D11-00A0C91BC942}") = "LAB0706", "LAB0706\LAB0706.vcxproj", "{7A65A35F-2B62-4770-A418-96D5626CDC1E}"
EndProject
Global
	GlobalSection(SolutionConfigurationPlatforms) = preSolution
		Debug|x64 = Debug|x64
		Debug|x86 = Debug|x86
		Release|x64 = Release|x64
		Release|x86 = Release|x86
	EndGlobalSection
	GlobalSection(ProjectConfigurationPlatforms) = postSolution
		{9B15C795-2397-493D-B094-EFAEFFF1240F}.Debug|x64.ActiveCfg = Debug|x64
		{9B15C795-2397-493D-B094-EFAEFFF1240F}.Debug|x64.Build.0 = Debug|x64
		{9B15C795-2397-493D-B094-EFAEFFF1240F}.Debug|x86.ActiveCfg = Debug|Win32
		{9B15C795-2397-493D-B094-EFAEFFF1240F}.Debug|x86.Build.0 = Debug|Win32
		{9B15C795-2397-493D-B094-EFAEFFF1240F}.Release|x64.ActiveCfg = Release|x64
		{9B15C795-2397-493D-B094-EFAEFFF1240F}.Release|x64.Build.0 = Release|x64
		{9B15C795-2397-493D-B094-EFAEFFF1240F}.Release|x86.ActiveCfg = Release|Win32
		{9B15C795-2397-493D-B094-EFAEFFF1240F}.Release|x86.Build.0 = Release|Win32
		{F1EBA0A4-3A8D-457D-A9EC-A082ED54A321}.Debug|x64.ActiveCfg = Debug|x64
		{F1EBA0A4-3A8D-457D-A9EC-A082ED54A321}.Debug|x64.Build.0 = Debug|x64
		{F1EBA0A4-3A8D-457D-A9EC-A082ED54A321}.Debug|x86.ActiveCfg = Debug|Win32
		{F1EBA0A4-3A8D-457D-A9EC-A082ED54A321}.Debug|x86.Build.0 = Debug|Win32
		{F1EBA0A4-3A8D-457D-A9EC-A082ED54A321}.Release|x64.ActiveCfg = Release|x64
		{F1EBA0A4-3A8D-457D-A9EC-A082ED54A321}.Release|x64.Build.0 = Release|x64
		{F1EBA0A4-3A8D-457D-A9EC-A082ED54A321}.Release|x86.ActiveCfg = Release|Win32
		{F1EBA0A4-3A8D-457D-A9EC-A082ED54A321}.Release|x86.Build.0 = Release|Win32
		{A78C79D8-88F3-4868-BAFE-805B0D56EDAA}.Debug|x64.ActiveCfg = Debug|x64
		{A78C79D8-88F3-4868-BAFE-805B0D56EDAA}.Debug|x64.Build.0 = Debug|x64
		{A78C79D8-88F3-4868-BAFE-805B0D56EDAA}.Debug|x86.ActiveCfg = Debug|Win32
		{A78C79D8-88F3-4868-BAFE-805B0D56EDAA}.Debug|x86.Build.0 = Debug|Win32
		{A78C79D8-88F3-4868-BAFE-805B0D56EDAA}.Release|x64.ActiveCfg = Release|x64
		{A78C79D8-88F3-4868-BAFE-805B0D56EDAA}.Release|x64.Build.0 = Release|x64
		{A78C79D8-88F3-4868-BAFE-805B0D56EDAA}.Release|x86.ActiveCfg = Release|Win32
		{A78C79D8-88F3-4868-BAFE-805B0D56EDAA}.Release|x86.Build.0 = Release|Win32
		{09E5373F-0814-4270-8609-A427F9F5F07F}.Debug|x64.ActiveCfg = Debug|x64
		{09E5373F-0814-4270-8609-A427F9F5F07F}.Debug|x64.Build.0 = Debug|x64
		{09E5373F-0814-4270-8609-A427F9F5F07F}.Debug|x86.ActiveCfg = Debug|Win32
		{09E5373F-0814-4270-8609-A427F9F5F07F}.Debug|x86.Build.0 = Debug|Win32
		{09E5373F-0814-4270-8609-A427F9F5F07F}.Release|x64.ActiveCfg = Release|x64
		{09E5373F-0814-4270-8609-A427F9F5F07F}.Release|x64.Build.0 = Release|x64
		{09E5373F-0814-4270-8609-A427F9F5F07F}.Release|x86.ActiveCfg = Release|Win32
		{09E5373F-0814-4270-8609-A427F9F5F07F}.Release|x86.Build.0 = Release|Win32
		{9B993961-740B-4F71-A23C-7A5A287BC59D}.Debug|x64.ActiveCfg = Debug|x64
		{9B993961-740B-4F71-A23C-7A5A287BC59D}.Debug|x64.Build.0 = Debug|x64
		{9B993961-740B-4F71-A23C-7A5A287BC59D}.Debug|x86.ActiveCfg = Debug|Win32
		{9B993961-740B-4F71-A23C-7A5A287BC59D}.Debug|x86.Build.0 = Debug|Win32
		{9B993961-740B-4F71-A23C-7A5A287BC59D}.Release|x64.ActiveCfg = Release|x64
		{9B993961-740B-4F71-A23C-7A5A287BC59D}.Release|x64.Build.0 = Release|x64
		{9B993961-740B-4F71-A23C-7A5A287BC59D}.Release|x86.ActiveCfg = Release|Win32
		{9B993961-740B-4F71-A23C-7A5A287BC59D}.Release|x86.Build.0 = Release|Win32
		{7A65A35F-2B62-4770-A418-96D5626CDC1E}.Debug|x64.ActiveCfg = Debug|x64
		{7A65A35F-2B62-4770-A418-96D5626CDC1E}.Debug|x64.Build.0 = Debug|x64
		{7A65A35F-2B62-4770-A418-96D5626CDC1E}.Debug|x86.ActiveCfg = Debug|Win32
		{7A65A35F-2B62-4770-A418-96D5626CDC1E}.Debug|x86.Build.0 = Debug|Win32
		{7A65A35F-2B62-4770-A418-96D5626CDC1E}.Release|x64.ActiveCfg = Release|x64
		{7A65A35F-2B62-4770-A418-96D5626CDC1E}.Release|x64.Build.0 = Release|x64
		{7A65A35F-2B62-4770-A418-96D5626CDC1E}.Release|x86.ActiveCfg = Release|Win32
		{7A65A35F-2B62-4770-A418-96D5626CDC1E}.Release|x86.Build.0 = Release|Win32
	EndGlobalSection
	GlobalSection(SolutionProperties) = preSolution
		HideSolutionNode = FALSE
	EndGlobalSection
	GlobalSection(ExtensibilityGlobals) = postSolution
		SolutionGuid = {89DF4B1C-9BE4-4370-B1E7-444CFA0D45C3}
	EndGlobalSection
EndGlobal
